
Microsoft Visual Studio Solution File, Format Version 12.00
# Visual Studio 16
Project("{FAE04EC0-301F-11D3-BF4B-00C04F79EFBC}") = "Assembly-CSharp", "Assembly-CSharp.csproj", "{4E79A8E2-9A63-E0C7-3F3E-A6CEFF25BB0F}"
EndProject
Global
	GlobalSection(SolutionConfigurationPlatforms) = preSolution
		Debug|Any CPU = Debug|Any CPU
		Release|Any CPU = Release|Any CPU
	EndGlobalSection
	GlobalSection(ProjectConfigurationPlatforms) = postSolution
		{4E79A8E2-9A63-E0C7-3F3E-A6CEFF25BB0F}.Debug|Any CPU.ActiveCfg = Debug|Any CPU
		{4E79A8E2-9A63-E0C7-3F3E-A6CEFF25BB0F}.Debug|Any CPU.Build.0 = Debug|Any CPU
		{4E79A8E2-9A63-E0C7-3F3E-A6CEFF25BB0F}.Release|Any CPU.ActiveCfg = Release|Any CPU
		{4E79A8E2-9A63-E0C7-3F3E-A6CEFF25BB0F}.Release|Any CPU.Build.0 = Release|Any CPU
	EndGlobalSection
	GlobalSection(SolutionProperties) = preSolution
		HideSolutionNode = FALSE
	EndGlobalSection
EndGlobal
