
Microsoft Visual Studio Solution File, Format Version 11.00
# Visual Studio 2010
Project("{FAE04EC0-301F-11D3-BF4B-00C04F79EFBC}") = "Assembly-CSharp-firstpass", "Assembly-CSharp-firstpass.csproj", "{F2FE0D0D-6782-C494-2686-205D4FADAD59}"
EndProject
Project("{FAE04EC0-301F-11D3-BF4B-00C04F79EFBC}") = "Assembly-CSharp", "Assembly-CSharp.csproj", "{97790CF6-EDFB-067C-B0FE-86CDB2A876DE}"
EndProject
Global
	GlobalSection(SolutionConfigurationPlatforms) = preSolution
		Debug|Any CPU = Debug|Any CPU
		Release|Any CPU = Release|Any CPU
	EndGlobalSection
	GlobalSection(ProjectConfigurationPlatforms) = postSolution
		{F2FE0D0D-6782-C494-2686-205D4FADAD59}.Debug|Any CPU.ActiveCfg = Debug|Any CPU
		{F2FE0D0D-6782-C494-2686-205D4FADAD59}.Debug|Any CPU.Build.0 = Debug|Any CPU
		{F2FE0D0D-6782-C494-2686-205D4FADAD59}.Release|Any CPU.ActiveCfg = Release|Any CPU
		{F2FE0D0D-6782-C494-2686-205D4FADAD59}.Release|Any CPU.Build.0 = Release|Any CPU
		{97790CF6-EDFB-067C-B0FE-86CDB2A876DE}.Debug|Any CPU.ActiveCfg = Debug|Any CPU
		{97790CF6-EDFB-067C-B0FE-86CDB2A876DE}.Debug|Any CPU.Build.0 = Debug|Any CPU
		{97790CF6-EDFB-067C-B0FE-86CDB2A876DE}.Release|Any CPU.ActiveCfg = Release|Any CPU
		{97790CF6-EDFB-067C-B0FE-86CDB2A876DE}.Release|Any CPU.Build.0 = Release|Any CPU
	EndGlobalSection
	GlobalSection(SolutionProperties) = preSolution
		HideSolutionNode = FALSE
	EndGlobalSection
	GlobalSection(MonoDevelopProperties) = preSolution
		StartupItem = Assembly-CSharp.csproj
	EndGlobalSection
EndGlobal
